// !$*UTF8*$!
{
	archiveVersion = 1;
	classes = {
	};
	objectVersion = 56;
	objects = {

/* Begin PBXBuildFile section */
		5DE29E9B4DBCC1C73C1CCB4C /* Pods_Weather.framework in Frameworks */ = {isa = PBXBuildFile; fileRef = 5EE98B0C1B4419E763776097 /* Pods_Weather.framework */; };
		8F452EF129A35BFC00783930 /* AppDelegate.swift in Sources */ = {isa = PBXBuildFile; fileRef = 8F452EF029A35BFC00783930 /* AppDelegate.swift */; };
		8F452EF329A35BFC00783930 /* SceneDelegate.swift in Sources */ = {isa = PBXBuildFile; fileRef = 8F452EF229A35BFC00783930 /* SceneDelegate.swift */; };
		8F452EF529A35BFC00783930 /* mainVC.swift in Sources */ = {isa = PBXBuildFile; fileRef = 8F452EF429A35BFC00783930 /* mainVC.swift */; };
		8F452EFA29A35BFE00783930 /* Assets.xcassets in Resources */ = {isa = PBXBuildFile; fileRef = 8F452EF929A35BFE00783930 /* Assets.xcassets */; };
		8F452EFD29A35BFE00783930 /* LaunchScreen.storyboard in Resources */ = {isa = PBXBuildFile; fileRef = 8F452EFB29A35BFE00783930 /* LaunchScreen.storyboard */; };
		8F452F1629A35E7F00783930 /* Pretendard-Regular.otf in Resources */ = {isa = PBXBuildFile; fileRef = 8F452F0D29A35E7E00783930 /* Pretendard-Regular.otf */; };
		8F452F1729A35E7F00783930 /* Pretendard-SemiBold.otf in Resources */ = {isa = PBXBuildFile; fileRef = 8F452F0E29A35E7E00783930 /* Pretendard-SemiBold.otf */; };
		8F452F1A29A35E7F00783930 /* Pretendard-Bold.otf in Resources */ = {isa = PBXBuildFile; fileRef = 8F452F1129A35E7F00783930 /* Pretendard-Bold.otf */; };
		8F452F1D29A35E7F00783930 /* Pretendard-Medium.otf in Resources */ = {isa = PBXBuildFile; fileRef = 8F452F1429A35E7F00783930 /* Pretendard-Medium.otf */; };
		8F452F1E29A35E7F00783930 /* Pretendard-Light.otf in Resources */ = {isa = PBXBuildFile; fileRef = 8F452F1529A35E7F00783930 /* Pretendard-Light.otf */; };
		8F452F2029A35FE900783930 /* UIFont+Extension.swift in Sources */ = {isa = PBXBuildFile; fileRef = 8F452F1F29A35FE900783930 /* UIFont+Extension.swift */; };
/* End PBXBuildFile section */

/* Begin PBXFileReference section */
		5EE98B0C1B4419E763776097 /* Pods_Weather.framework */ = {isa = PBXFileReference; explicitFileType = wrapper.framework; includeInIndex = 0; path = Pods_Weather.framework; sourceTree = BUILT_PRODUCTS_DIR; };
		8F452EED29A35BFC00783930 /* Weather.app */ = {isa = PBXFileReference; explicitFileType = wrapper.application; includeInIndex = 0; path = Weather.app; sourceTree = BUILT_PRODUCTS_DIR; };
		8F452EF029A35BFC00783930 /* AppDelegate.swift */ = {isa = PBXFileReference; lastKnownFileType = sourcecode.swift; path = AppDelegate.swift; sourceTree = "<group>"; };
		8F452EF229A35BFC00783930 /* SceneDelegate.swift */ = {isa = PBXFileReference; lastKnownFileType = sourcecode.swift; path = SceneDelegate.swift; sourceTree = "<group>"; };
		8F452EF429A35BFC00783930 /* mainVC.swift */ = {isa = PBXFileReference; lastKnownFileType = sourcecode.swift; path = mainVC.swift; sourceTree = "<group>"; };
		8F452EF929A35BFE00783930 /* Assets.xcassets */ = {isa = PBXFileReference; lastKnownFileType = folder.assetcatalog; path = Assets.xcassets; sourceTree = "<group>"; };
		8F452EFC29A35BFE00783930 /* Base */ = {isa = PBXFileReference; lastKnownFileType = file.storyboard; name = Base; path = Base.lproj/LaunchScreen.storyboard; sourceTree = "<group>"; };
		8F452EFE29A35BFE00783930 /* Info.plist */ = {isa = PBXFileReference; lastKnownFileType = text.plist.xml; path = Info.plist; sourceTree = "<group>"; };
		8F452F0D29A35E7E00783930 /* Pretendard-Regular.otf */ = {isa = PBXFileReference; lastKnownFileType = file; path = "Pretendard-Regular.otf"; sourceTree = "<group>"; };
		8F452F0E29A35E7E00783930 /* Pretendard-SemiBold.otf */ = {isa = PBXFileReference; lastKnownFileType = file; path = "Pretendard-SemiBold.otf"; sourceTree = "<group>"; };
		8F452F1129A35E7F00783930 /* Pretendard-Bold.otf */ = {isa = PBXFileReference; lastKnownFileType = file; path = "Pretendard-Bold.otf"; sourceTree = "<group>"; };
		8F452F1429A35E7F00783930 /* Pretendard-Medium.otf */ = {isa = PBXFileReference; lastKnownFileType = file; path = "Pretendard-Medium.otf"; sourceTree = "<group>"; };
		8F452F1529A35E7F00783930 /* Pretendard-Light.otf */ = {isa = PBXFileReference; lastKnownFileType = file; path = "Pretendard-Light.otf"; sourceTree = "<group>"; };
		8F452F1F29A35FE900783930 /* UIFont+Extension.swift */ = {isa = PBXFileReference; lastKnownFileType = sourcecode.swift; path = "UIFont+Extension.swift"; sourceTree = "<group>"; };
		B72A31E28B6223CF12F28525 /* Pods-Weather.debug.xcconfig */ = {isa = PBXFileReference; includeInIndex = 1; lastKnownFileType = text.xcconfig; name = "Pods-Weather.debug.xcconfig"; path = "Target Support Files/Pods-Weather/Pods-Weather.debug.xcconfig"; sourceTree = "<group>"; };
		B75BCB2AAA362BF6C9C383FC /* Pods-Weather.release.xcconfig */ = {isa = PBXFileReference; includeInIndex = 1; lastKnownFileType = text.xcconfig; name = "Pods-Weather.release.xcconfig"; path = "Target Support Files/Pods-Weather/Pods-Weather.release.xcconfig"; sourceTree = "<group>"; };
/* End PBXFileReference section */

/* Begin PBXFrameworksBuildPhase section */
		8F452EEA29A35BFC00783930 /* Frameworks */ = {
			isa = PBXFrameworksBuildPhase;
			buildActionMask = 2147483647;
			files = (
				5DE29E9B4DBCC1C73C1CCB4C /* Pods_Weather.framework in Frameworks */,
			);
			runOnlyForDeploymentPostprocessing = 0;
		};
/* End PBXFrameworksBuildPhase section */

/* Begin PBXGroup section */
		376455A9C83EDCD8658C0A0C /* Pods */ = {
			isa = PBXGroup;
			children = (
				B72A31E28B6223CF12F28525 /* Pods-Weather.debug.xcconfig */,
				B75BCB2AAA362BF6C9C383FC /* Pods-Weather.release.xcconfig */,
			);
			name = Pods;
			path = Pods;
			sourceTree = "<group>";
		};
		384710FB5DCD50D23A9C0706 /* Frameworks */ = {
			isa = PBXGroup;
			children = (
				5EE98B0C1B4419E763776097 /* Pods_Weather.framework */,
			);
			name = Frameworks;
			sourceTree = "<group>";
		};
		8F452EE429A35BFC00783930 = {
			isa = PBXGroup;
			children = (
				8F452EEF29A35BFC00783930 /* Weather */,
				8F452EEE29A35BFC00783930 /* Products */,
				376455A9C83EDCD8658C0A0C /* Pods */,
				384710FB5DCD50D23A9C0706 /* Frameworks */,
			);
			sourceTree = "<group>";
		};
		8F452EEE29A35BFC00783930 /* Products */ = {
			isa = PBXGroup;
			children = (
				8F452EED29A35BFC00783930 /* Weather.app */,
			);
			name = Products;
			sourceTree = "<group>";
		};
		8F452EEF29A35BFC00783930 /* Weather */ = {
			isa = PBXGroup;
			children = (
				8F452F0529A35CA600783930 /* Resources */,
				8F452F0429A35C9A00783930 /* Sources */,
			);
			path = Weather;
			sourceTree = "<group>";
		};
		8F452F0429A35C9A00783930 /* Sources */ = {
			isa = PBXGroup;
			children = (
				8F452F0A29A35D1700783930 /* Models */,
				8F452F0929A35D0100783930 /* Views */,
				8F452F0829A35CEC00783930 /* Extensions */,
				8F452F0629A35CAF00783930 /* Delegates */,
			);
			path = Sources;
			sourceTree = "<group>";
		};
		8F452F0529A35CA600783930 /* Resources */ = {
			isa = PBXGroup;
			children = (
				8F452F0C29A35D6300783930 /* Fonts */,
				8F452F0B29A35D5700783930 /* Storyboards */,
				8F452F0729A35CBD00783930 /* Supporting Files */,
			);
			path = Resources;
			sourceTree = "<group>";
		};
		8F452F0629A35CAF00783930 /* Delegates */ = {
			isa = PBXGroup;
			children = (
				8F452EF029A35BFC00783930 /* AppDelegate.swift */,
				8F452EF229A35BFC00783930 /* SceneDelegate.swift */,
			);
			path = Delegates;
			sourceTree = "<group>";
		};
		8F452F0729A35CBD00783930 /* Supporting Files */ = {
			isa = PBXGroup;
			children = (
				8F452EFE29A35BFE00783930 /* Info.plist */,
				8F452EF929A35BFE00783930 /* Assets.xcassets */,
			);
			path = "Supporting Files";
			sourceTree = "<group>";
		};
		8F452F0829A35CEC00783930 /* Extensions */ = {
			isa = PBXGroup;
			children = (
				8F452F1F29A35FE900783930 /* UIFont+Extension.swift */,
			);
			path = Extensions;
			sourceTree = "<group>";
		};
		8F452F0929A35D0100783930 /* Views */ = {
			isa = PBXGroup;
			children = (
				8F452EF429A35BFC00783930 /* mainVC.swift */,
			);
			path = Views;
			sourceTree = "<group>";
		};
		8F452F0A29A35D1700783930 /* Models */ = {
			isa = PBXGroup;
			children = (
			);
			path = Models;
			sourceTree = "<group>";
		};
		8F452F0B29A35D5700783930 /* Storyboards */ = {
			isa = PBXGroup;
			children = (
				8F452EFB29A35BFE00783930 /* LaunchScreen.storyboard */,
			);
			path = Storyboards;
			sourceTree = "<group>";
		};
		8F452F0C29A35D6300783930 /* Fonts */ = {
			isa = PBXGroup;
			children = (
				8F452F1129A35E7F00783930 /* Pretendard-Bold.otf */,
				8F452F1529A35E7F00783930 /* Pretendard-Light.otf */,
				8F452F1429A35E7F00783930 /* Pretendard-Medium.otf */,
				8F452F0D29A35E7E00783930 /* Pretendard-Regular.otf */,
				8F452F0E29A35E7E00783930 /* Pretendard-SemiBold.otf */,
			);
			path = Fonts;
			sourceTree = "<group>";
		};
/* End PBXGroup section */

/* Begin PBXNativeTarget section */
		8F452EEC29A35BFC00783930 /* Weather */ = {
			isa = PBXNativeTarget;
			buildConfigurationList = 8F452F0129A35BFE00783930 /* Build configuration list for PBXNativeTarget "Weather" */;
			buildPhases = (
				FBF760EE608FBCDBA6D3E814 /* [CP] Check Pods Manifest.lock */,
				8F452EE929A35BFC00783930 /* Sources */,
				8F452EEA29A35BFC00783930 /* Frameworks */,
				8F452EEB29A35BFC00783930 /* Resources */,
				155DB4AC02BABECF73F55007 /* [CP] Embed Pods Frameworks */,
			);
			buildRules = (
			);
			dependencies = (
			);
			name = Weather;
			productName = Weather;
			productReference = 8F452EED29A35BFC00783930 /* Weather.app */;
			productType = "com.apple.product-type.application";
		};
/* End PBXNativeTarget section */

/* Begin PBXProject section */
		8F452EE529A35BFC00783930 /* Project object */ = {
			isa = PBXProject;
			attributes = {
				BuildIndependentTargetsInParallel = 1;
				LastSwiftUpdateCheck = 1420;
				LastUpgradeCheck = 1420;
				TargetAttributes = {
					8F452EEC29A35BFC00783930 = {
						CreatedOnToolsVersion = 14.2;
					};
				};
			};
			buildConfigurationList = 8F452EE829A35BFC00783930 /* Build configuration list for PBXProject "Weather" */;
			compatibilityVersion = "Xcode 14.0";
			developmentRegion = en;
			hasScannedForEncodings = 0;
			knownRegions = (
				en,
				Base,
			);
			mainGroup = 8F452EE429A35BFC00783930;
			productRefGroup = 8F452EEE29A35BFC00783930 /* Products */;
			projectDirPath = "";
			projectRoot = "";
			targets = (
				8F452EEC29A35BFC00783930 /* Weather */,
			);
		};
/* End PBXProject section */

/* Begin PBXResourcesBuildPhase section */
		8F452EEB29A35BFC00783930 /* Resources */ = {
			isa = PBXResourcesBuildPhase;
			buildActionMask = 2147483647;
			files = (
				8F452EFD29A35BFE00783930 /* LaunchScreen.storyboard in Resources */,
				8F452F1A29A35E7F00783930 /* Pretendard-Bold.otf in Resources */,
				8F452F1629A35E7F00783930 /* Pretendard-Regular.otf in Resources */,
				8F452F1E29A35E7F00783930 /* Pretendard-Light.otf in Resources */,
				8F452F1729A35E7F00783930 /* Pretendard-SemiBold.otf in Resources */,
				8F452EFA29A35BFE00783930 /* Assets.xcassets in Resources */,
				8F452F1D29A35E7F00783930 /* Pretendard-Medium.otf in Resources */,
			);
			runOnlyForDeploymentPostprocessing = 0;
		};
/* End PBXResourcesBuildPhase section */

/* Begin PBXShellScriptBuildPhase section */
		155DB4AC02BABECF73F55007 /* [CP] Embed Pods Frameworks */ = {
			isa = PBXShellScriptBuildPhase;
			buildActionMask = 2147483647;
			files = (
			);
			inputFileListPaths = (
				"${PODS_ROOT}/Target Support Files/Pods-Weather/Pods-Weather-frameworks-${CONFIGURATION}-input-files.xcfilelist",
			);
			name = "[CP] Embed Pods Frameworks";
			outputFileListPaths = (
				"${PODS_ROOT}/Target Support Files/Pods-Weather/Pods-Weather-frameworks-${CONFIGURATION}-output-files.xcfilelist",
			);
			runOnlyForDeploymentPostprocessing = 0;
			shellPath = /bin/sh;
			shellScript = "\"${PODS_ROOT}/Target Support Files/Pods-Weather/Pods-Weather-frameworks.sh\"\n";
			showEnvVarsInLog = 0;
		};
		FBF760EE608FBCDBA6D3E814 /* [CP] Check Pods Manifest.lock */ = {
			isa = PBXShellScriptBuildPhase;
			buildActionMask = 2147483647;
			files = (
			);
			inputFileListPaths = (
			);
			inputPaths = (
				"${PODS_PODFILE_DIR_PATH}/Podfile.lock",
				"${PODS_ROOT}/Manifest.lock",
			);
			name = "[CP] Check Pods Manifest.lock";
			outputFileListPaths = (
			);
			outputPaths = (
				"$(DERIVED_FILE_DIR)/Pods-Weather-checkManifestLockResult.txt",
			);
			runOnlyForDeploymentPostprocessing = 0;
			shellPath = /bin/sh;
			shellScript = "diff \"${PODS_PODFILE_DIR_PATH}/Podfile.lock\" \"${PODS_ROOT}/Manifest.lock\" > /dev/null\nif [ $? != 0 ] ; then\n    # print error to STDERR\n    echo \"error: The sandbox is not in sync with the Podfile.lock. Run 'pod install' or update your CocoaPods installation.\" >&2\n    exit 1\nfi\n# This output is used by Xcode 'outputs' to avoid re-running this script phase.\necho \"SUCCESS\" > \"${SCRIPT_OUTPUT_FILE_0}\"\n";
			showEnvVarsInLog = 0;
		};
/* End PBXShellScriptBuildPhase section */

/* Begin PBXSourcesBuildPhase section */
		8F452EE929A35BFC00783930 /* Sources */ = {
			isa = PBXSourcesBuildPhase;
			buildActionMask = 2147483647;
			files = (
				8F452EF529A35BFC00783930 /* mainVC.swift in Sources */,
				8F452EF129A35BFC00783930 /* AppDelegate.swift in Sources */,
				8F452F2029A35FE900783930 /* UIFont+Extension.swift in Sources */,
				8F452EF329A35BFC00783930 /* SceneDelegate.swift in Sources */,
			);
			runOnlyForDeploymentPostprocessing = 0;
		};
/* End PBXSourcesBuildPhase section */

/* Begin PBXVariantGroup section */
		8F452EFB29A35BFE00783930 /* LaunchScreen.storyboard */ = {
			isa = PBXVariantGroup;
			children = (
				8F452EFC29A35BFE00783930 /* Base */,
			);
			name = LaunchScreen.storyboard;
			sourceTree = "<group>";
		};
/* End PBXVariantGroup section */

/* Begin XCBuildConfiguration section */
		8F452EFF29A35BFE00783930 /* Debug */ = {
			isa = XCBuildConfiguration;
			buildSettings = {
				ALWAYS_SEARCH_USER_PATHS = NO;
				CLANG_ANALYZER_NONNULL = YES;
				CLANG_ANALYZER_NUMBER_OBJECT_CONVERSION = YES_AGGRESSIVE;
				CLANG_CXX_LANGUAGE_STANDARD = "gnu++20";
				CLANG_ENABLE_MODULES = YES;
				CLANG_ENABLE_OBJC_ARC = YES;
				CLANG_ENABLE_OBJC_WEAK = YES;
				CLANG_WARN_BLOCK_CAPTURE_AUTORELEASING = YES;
				CLANG_WARN_BOOL_CONVERSION = YES;
				CLANG_WARN_COMMA = YES;
				CLANG_WARN_CONSTANT_CONVERSION = YES;
				CLANG_WARN_DEPRECATED_OBJC_IMPLEMENTATIONS = YES;
				CLANG_WARN_DIRECT_OBJC_ISA_USAGE = YES_ERROR;
				CLANG_WARN_DOCUMENTATION_COMMENTS = YES;
				CLANG_WARN_EMPTY_BODY = YES;
				CLANG_WARN_ENUM_CONVERSION = YES;
				CLANG_WARN_INFINITE_RECURSION = YES;
				CLANG_WARN_INT_CONVERSION = YES;
				CLANG_WARN_NON_LITERAL_NULL_CONVERSION = YES;
				CLANG_WARN_OBJC_IMPLICIT_RETAIN_SELF = YES;
				CLANG_WARN_OBJC_LITERAL_CONVERSION = YES;
				CLANG_WARN_OBJC_ROOT_CLASS = YES_ERROR;
				CLANG_WARN_QUOTED_INCLUDE_IN_FRAMEWORK_HEADER = YES;
				CLANG_WARN_RANGE_LOOP_ANALYSIS = YES;
				CLANG_WARN_STRICT_PROTOTYPES = YES;
				CLANG_WARN_SUSPICIOUS_MOVE = YES;
				CLANG_WARN_UNGUARDED_AVAILABILITY = YES_AGGRESSIVE;
				CLANG_WARN_UNREACHABLE_CODE = YES;
				CLANG_WARN__DUPLICATE_METHOD_MATCH = YES;
				COPY_PHASE_STRIP = NO;
				DEBUG_INFORMATION_FORMAT = dwarf;
				ENABLE_STRICT_OBJC_MSGSEND = YES;
				ENABLE_TESTABILITY = YES;
				GCC_C_LANGUAGE_STANDARD = gnu11;
				GCC_DYNAMIC_NO_PIC = NO;
				GCC_NO_COMMON_BLOCKS = YES;
				GCC_OPTIMIZATION_LEVEL = 0;
				GCC_PREPROCESSOR_DEFINITIONS = (
					"DEBUG=1",
					"$(inherited)",
				);
				GCC_WARN_64_TO_32_BIT_CONVERSION = YES;
				GCC_WARN_ABOUT_RETURN_TYPE = YES_ERROR;
				GCC_WARN_UNDECLARED_SELECTOR = YES;
				GCC_WARN_UNINITIALIZED_AUTOS = YES_AGGRESSIVE;
				GCC_WARN_UNUSED_FUNCTION = YES;
				GCC_WARN_UNUSED_VARIABLE = YES;
				IPHONEOS_DEPLOYMENT_TARGET = 16.2;
				MTL_ENABLE_DEBUG_INFO = INCLUDE_SOURCE;
				MTL_FAST_MATH = YES;
				ONLY_ACTIVE_ARCH = YES;
				SDKROOT = iphoneos;
				SWIFT_ACTIVE_COMPILATION_CONDITIONS = DEBUG;
				SWIFT_OPTIMIZATION_LEVEL = "-Onone";
			};
			name = Debug;
		};
		8F452F0029A35BFE00783930 /* Release */ = {
			isa = XCBuildConfiguration;
			buildSettings = {
				ALWAYS_SEARCH_USER_PATHS = NO;
				CLANG_ANALYZER_NONNULL = YES;
				CLANG_ANALYZER_NUMBER_OBJECT_CONVERSION = YES_AGGRESSIVE;
				CLANG_CXX_LANGUAGE_STANDARD = "gnu++20";
				CLANG_ENABLE_MODULES = YES;
				CLANG_ENABLE_OBJC_ARC = YES;
				CLANG_ENABLE_OBJC_WEAK = YES;
				CLANG_WARN_BLOCK_CAPTURE_AUTORELEASING = YES;
				CLANG_WARN_BOOL_CONVERSION = YES;
				CLANG_WARN_COMMA = YES;
				CLANG_WARN_CONSTANT_CONVERSION = YES;
				CLANG_WARN_DEPRECATED_OBJC_IMPLEMENTATIONS = YES;
				CLANG_WARN_DIRECT_OBJC_ISA_USAGE = YES_ERROR;
				CLANG_WARN_DOCUMENTATION_COMMENTS = YES;
				CLANG_WARN_EMPTY_BODY = YES;
				CLANG_WARN_ENUM_CONVERSION = YES;
				CLANG_WARN_INFINITE_RECURSION = YES;
				CLANG_WARN_INT_CONVERSION = YES;
				CLANG_WARN_NON_LITERAL_NULL_CONVERSION = YES;
				CLANG_WARN_OBJC_IMPLICIT_RETAIN_SELF = YES;
				CLANG_WARN_OBJC_LITERAL_CONVERSION = YES;
				CLANG_WARN_OBJC_ROOT_CLASS = YES_ERROR;
				CLANG_WARN_QUOTED_INCLUDE_IN_FRAMEWORK_HEADER = YES;
				CLANG_WARN_RANGE_LOOP_ANALYSIS = YES;
				CLANG_WARN_STRICT_PROTOTYPES = YES;
				CLANG_WARN_SUSPICIOUS_MOVE = YES;
				CLANG_WARN_UNGUARDED_AVAILABILITY = YES_AGGRESSIVE;
				CLANG_WARN_UNREACHABLE_CODE = YES;
				CLANG_WARN__DUPLICATE_METHOD_MATCH = YES;
				COPY_PHASE_STRIP = NO;
				DEBUG_INFORMATION_FORMAT = "dwarf-with-dsym";
				ENABLE_NS_ASSERTIONS = NO;
				ENABLE_STRICT_OBJC_MSGSEND = YES;
				GCC_C_LANGUAGE_STANDARD = gnu11;
				GCC_NO_COMMON_BLOCKS = YES;
				GCC_WARN_64_TO_32_BIT_CONVERSION = YES;
				GCC_WARN_ABOUT_RETURN_TYPE = YES_ERROR;
				GCC_WARN_UNDECLARED_SELECTOR = YES;
				GCC_WARN_UNINITIALIZED_AUTOS = YES_AGGRESSIVE;
				GCC_WARN_UNUSED_FUNCTION = YES;
				GCC_WARN_UNUSED_VARIABLE = YES;
				IPHONEOS_DEPLOYMENT_TARGET = 16.2;
				MTL_ENABLE_DEBUG_INFO = NO;
				MTL_FAST_MATH = YES;
				SDKROOT = iphoneos;
				SWIFT_COMPILATION_MODE = wholemodule;
				SWIFT_OPTIMIZATION_LEVEL = "-O";
				VALIDATE_PRODUCT = YES;
			};
			name = Release;
		};
		8F452F0229A35BFE00783930 /* Debug */ = {
			isa = XCBuildConfiguration;
			baseConfigurationReference = B72A31E28B6223CF12F28525 /* Pods-Weather.debug.xcconfig */;
			buildSettings = {
				ASSETCATALOG_COMPILER_APPICON_NAME = AppIcon;
				ASSETCATALOG_COMPILER_GLOBAL_ACCENT_COLOR_NAME = AccentColor;
				CODE_SIGN_STYLE = Automatic;
				CURRENT_PROJECT_VERSION = 1;
				DEVELOPMENT_TEAM = 62SDS28JUT;
				GENERATE_INFOPLIST_FILE = YES;
				INFOPLIST_FILE = "Weather/Resources/Supporting Files/Info.plist";
				INFOPLIST_KEY_UIApplicationSupportsIndirectInputEvents = YES;
				INFOPLIST_KEY_UILaunchStoryboardName = LaunchScreen.storyboard;
				INFOPLIST_KEY_UIMainStoryboardFile = "";
				INFOPLIST_KEY_UISupportedInterfaceOrientations_iPad = "UIInterfaceOrientationPortrait UIInterfaceOrientationPortraitUpsideDown UIInterfaceOrientationLandscapeLeft UIInterfaceOrientationLandscapeRight";
				INFOPLIST_KEY_UISupportedInterfaceOrientations_iPhone = "UIInterfaceOrientationPortrait UIInterfaceOrientationLandscapeLeft UIInterfaceOrientationLandscapeRight";
				LD_RUNPATH_SEARCH_PATHS = (
					"$(inherited)",
					"@executable_path/Frameworks",
				);
				MARKETING_VERSION = 1.0;
				PRODUCT_BUNDLE_IDENTIFIER = bb.study.Weather;
				PRODUCT_NAME = "$(TARGET_NAME)";
				SUPPORTED_PLATFORMS = "iphoneos iphonesimulator";
				SUPPORTS_MACCATALYST = NO;
				SUPPORTS_MAC_DESIGNED_FOR_IPHONE_IPAD = NO;
				SWIFT_EMIT_LOC_STRINGS = YES;
				SWIFT_VERSION = 5.0;
				TARGETED_DEVICE_FAMILY = 1;
			};
			name = Debug;
		};
		8F452F0329A35BFE00783930 /* Release */ = {
			isa = XCBuildConfiguration;
			baseConfigurationReference = B75BCB2AAA362BF6C9C383FC /* Pods-Weather.release.xcconfig */;
			buildSettings = {
				ASSETCATALOG_COMPILER_APPICON_NAME = AppIcon;
				ASSETCATALOG_COMPILER_GLOBAL_ACCENT_COLOR_NAME = AccentColor;
				CODE_SIGN_STYLE = Automatic;
				CURRENT_PROJECT_VERSION = 1;
				DEVELOPMENT_TEAM = 62SDS28JUT;
				GENERATE_INFOPLIST_FILE = YES;
				INFOPLIST_FILE = "Weather/Resources/Supporting Files/Info.plist";
				INFOPLIST_KEY_UIApplicationSupportsIndirectInputEvents = YES;
				INFOPLIST_KEY_UILaunchStoryboardName = LaunchScreen.storyboard;
				INFOPLIST_KEY_UIMainStoryboardFile = "";
				INFOPLIST_KEY_UISupportedInterfaceOrientations_iPad = "UIInterfaceOrientationPortrait UIInterfaceOrientationPortraitUpsideDown UIInterfaceOrientationLandscapeLeft UIInterfaceOrientationLandscapeRight";
				INFOPLIST_KEY_UISupportedInterfaceOrientations_iPhone = "UIInterfaceOrientationPortrait UIInterfaceOrientationLandscapeLeft UIInterfaceOrientationLandscapeRight";
				LD_RUNPATH_SEARCH_PATHS = (
					"$(inherited)",
					"@executable_path/Frameworks",
				);
				MARKETING_VERSION = 1.0;
				PRODUCT_BUNDLE_IDENTIFIER = bb.study.Weather;
				PRODUCT_NAME = "$(TARGET_NAME)";
				SUPPORTED_PLATFORMS = "iphoneos iphonesimulator";
				SUPPORTS_MACCATALYST = NO;
				SUPPORTS_MAC_DESIGNED_FOR_IPHONE_IPAD = NO;
				SWIFT_EMIT_LOC_STRINGS = YES;
				SWIFT_VERSION = 5.0;
				TARGETED_DEVICE_FAMILY = 1;
			};
			name = Release;
		};
/* End XCBuildConfiguration section */

/* Begin XCConfigurationList section */
		8F452EE829A35BFC00783930 /* Build configuration list for PBXProject "Weather" */ = {
			isa = XCConfigurationList;
			buildConfigurations = (
				8F452EFF29A35BFE00783930 /* Debug */,
				8F452F0029A35BFE00783930 /* Release */,
			);
			defaultConfigurationIsVisible = 0;
			defaultConfigurationName = Release;
		};
		8F452F0129A35BFE00783930 /* Build configuration list for PBXNativeTarget "Weather" */ = {
			isa = XCConfigurationList;
			buildConfigurations = (
				8F452F0229A35BFE00783930 /* Debug */,
				8F452F0329A35BFE00783930 /* Release */,
			);
			defaultConfigurationIsVisible = 0;
			defaultConfigurationName = Release;
		};
/* End XCConfigurationList section */
	};
	rootObject = 8F452EE529A35BFC00783930 /* Project object */;
}
